
Microsoft Visual Studio Solution File, Format Version 12.00
# Visual Studio Version 17
VisualStudioVersion = 17.6.33815.320
MinimumVisualStudioVersion = 10.0.40219.1
Project("{FAE04EC0-301F-11D3-BF4B-00C04F79EFBC}") = "SQLServerTesterApp", "SQLServerTesterApp\SQLServerTesterApp.csproj", "{EDE94A33-5A21-4F15-A0A4-78BCB7EF90D7}"
EndProject
Global
	GlobalSection(SolutionConfigurationPlatforms) = preSolution
		Debug|Any CPU = Debug|Any CPU
		Release|Any CPU = Release|Any CPU
	EndGlobalSection
	GlobalSection(ProjectConfigurationPlatforms) = postSolution
		{EDE94A33-5A21-4F15-A0A4-78BCB7EF90D7}.Debug|Any CPU.ActiveCfg = Debug|Any CPU
		{EDE94A33-5A21-4F15-A0A4-78BCB7EF90D7}.Debug|Any CPU.Build.0 = Debug|Any CPU
		{EDE94A33-5A21-4F15-A0A4-78BCB7EF90D7}.Release|Any CPU.ActiveCfg = Release|Any CPU
		{EDE94A33-5A21-4F15-A0A4-78BCB7EF90D7}.Release|Any CPU.Build.0 = Release|Any CPU
	EndGlobalSection
	GlobalSection(SolutionProperties) = preSolution
		HideSolutionNode = FALSE
	EndGlobalSection
	GlobalSection(ExtensibilityGlobals) = postSolution
		SolutionGuid = {752B2D42-FF35-41C4-A024-4218683A3E20}
	EndGlobalSection
EndGlobal
